
Microsoft Visual Studio Solution File, Format Version 12.00
# Visual Studio Version 17
VisualStudioVersion = 17.14.36705.20 d17.14
MinimumVisualStudioVersion = 10.0.40219.1
Project("{FAE04EC0-301F-11D3-BF4B-00C04F79EFBC}") = "WebApplication1", "WebApplication1.csproj", "{636318EC-073B-49AC-912B-8DF9183C12DC}"
EndProject
Global
	GlobalSection(SolutionConfigurationPlatforms) = preSolution
		Debug|Any CPU = Debug|Any CPU
		Release|Any CPU = Release|Any CPU
	EndGlobalSection
	GlobalSection(ProjectConfigurationPlatforms) = postSolution
		{636318EC-073B-49AC-912B-8DF9183C12DC}.Debug|Any CPU.ActiveCfg = Debug|Any CPU
		{636318EC-073B-49AC-912B-8DF9183C12DC}.Debug|Any CPU.Build.0 = Debug|Any CPU
		{636318EC-073B-49AC-912B-8DF9183C12DC}.Release|Any CPU.ActiveCfg = Release|Any CPU
		{636318EC-073B-49AC-912B-8DF9183C12DC}.Release|Any CPU.Build.0 = Release|Any CPU
	EndGlobalSection
	GlobalSection(SolutionProperties) = preSolution
		HideSolutionNode = FALSE
	EndGlobalSection
	GlobalSection(ExtensibilityGlobals) = postSolution
		SolutionGuid = {2B873980-10A6-427D-8027-F3B4DFA63DB5}
	EndGlobalSection
EndGlobal
